
Microsoft Visual Studio Solution File, Format Version 12.00
# Visual Studio Version 17
VisualStudioVersion = 17.4.33213.308
MinimumVisualStudioVersion = 10.0.40219.1
Project("{FAE04EC0-301F-11D3-BF4B-00C04F79EFBC}") = "basededatos", "basededatos\basededatos.csproj", "{32B6E255-704D-4221-A183-CA889ECDE06B}"
EndProject
Global
	GlobalSection(SolutionConfigurationPlatforms) = preSolution
		Debug|Any CPU = Debug|Any CPU
		Release|Any CPU = Release|Any CPU
	EndGlobalSection
	GlobalSection(ProjectConfigurationPlatforms) = postSolution
		{32B6E255-704D-4221-A183-CA889ECDE06B}.Debug|Any CPU.ActiveCfg = Debug|Any CPU
		{32B6E255-704D-4221-A183-CA889ECDE06B}.Debug|Any CPU.Build.0 = Debug|Any CPU
		{32B6E255-704D-4221-A183-CA889ECDE06B}.Release|Any CPU.ActiveCfg = Release|Any CPU
		{32B6E255-704D-4221-A183-CA889ECDE06B}.Release|Any CPU.Build.0 = Release|Any CPU
	EndGlobalSection
	GlobalSection(SolutionProperties) = preSolution
		HideSolutionNode = FALSE
	EndGlobalSection
	GlobalSection(ExtensibilityGlobals) = postSolution
		SolutionGuid = {2B6CE964-3794-43A6-8FF9-D50494BCB0CF}
	EndGlobalSection
EndGlobal
